
Microsoft Visual Studio Solution File, Format Version 12.00
# Visual Studio Version 17
VisualStudioVersion = 17.10.35122.118
MinimumVisualStudioVersion = 10.0.40219.1
Project("{FAE04EC0-301F-11D3-BF4B-00C04F79EFBC}") = "IISTest", "IISTest\IISTest.csproj", "{EE00531A-B72B-449B-8F08-C22D36822DA2}"
EndProject
Global
	GlobalSection(SolutionConfigurationPlatforms) = preSolution
		Debug|Any CPU = Debug|Any CPU
		Release|Any CPU = Release|Any CPU
	EndGlobalSection
	GlobalSection(ProjectConfigurationPlatforms) = postSolution
		{EE00531A-B72B-449B-8F08-C22D36822DA2}.Debug|Any CPU.ActiveCfg = Debug|Any CPU
		{EE00531A-B72B-449B-8F08-C22D36822DA2}.Debug|Any CPU.Build.0 = Debug|Any CPU
		{EE00531A-B72B-449B-8F08-C22D36822DA2}.Release|Any CPU.ActiveCfg = Release|Any CPU
		{EE00531A-B72B-449B-8F08-C22D36822DA2}.Release|Any CPU.Build.0 = Release|Any CPU
	EndGlobalSection
	GlobalSection(SolutionProperties) = preSolution
		HideSolutionNode = FALSE
	EndGlobalSection
	GlobalSection(ExtensibilityGlobals) = postSolution
		SolutionGuid = {21F11399-E2D6-4766-AB2D-8CF40C31811A}
	EndGlobalSection
EndGlobal
